
Microsoft Visual Studio Solution File, Format Version 12.00
# Visual Studio Version 16
VisualStudioVersion = 16.0.32002.261
MinimumVisualStudioVersion = 10.0.40219.1
Project("{FAE04EC0-301F-11D3-BF4B-00C04F79EFBC}") = "ProductDb", "ProductDb\ProductDb.csproj", "{6FBE92CB-BB41-4F0E-81A7-7A4B0E936467}"
EndProject
Global
	GlobalSection(SolutionConfigurationPlatforms) = preSolution
		Debug|Any CPU = Debug|Any CPU
		Release|Any CPU = Release|Any CPU
	EndGlobalSection
	GlobalSection(ProjectConfigurationPlatforms) = postSolution
		{6FBE92CB-BB41-4F0E-81A7-7A4B0E936467}.Debug|Any CPU.ActiveCfg = Debug|Any CPU
		{6FBE92CB-BB41-4F0E-81A7-7A4B0E936467}.Debug|Any CPU.Build.0 = Debug|Any CPU
		{6FBE92CB-BB41-4F0E-81A7-7A4B0E936467}.Release|Any CPU.ActiveCfg = Release|Any CPU
		{6FBE92CB-BB41-4F0E-81A7-7A4B0E936467}.Release|Any CPU.Build.0 = Release|Any CPU
	EndGlobalSection
	GlobalSection(SolutionProperties) = preSolution
		HideSolutionNode = FALSE
	EndGlobalSection
	GlobalSection(ExtensibilityGlobals) = postSolution
		SolutionGuid = {E8C278F3-37AD-4143-8A85-BCFBD0F6C3BA}
	EndGlobalSection
EndGlobal
